
Microsoft Visual Studio Solution File, Format Version 12.00
# Visual Studio Version 16
VisualStudioVersion = 25.0.1704.0
MinimumVisualStudioVersion = 10.0.40219.1
Project("{FAE04EC0-301F-11D3-BF4B-00C04F79EFBC}") = "assignment 4", "assignment 4\assignment 4.csproj", "{07776C15-B82E-4D70-AD73-3EDBD8F35A0E}"
EndProject
Global
	GlobalSection(SolutionConfigurationPlatforms) = preSolution
		Debug|Any CPU = Debug|Any CPU
		Release|Any CPU = Release|Any CPU
	EndGlobalSection
	GlobalSection(ProjectConfigurationPlatforms) = postSolution
		{07776C15-B82E-4D70-AD73-3EDBD8F35A0E}.Debug|Any CPU.ActiveCfg = Debug|Any CPU
		{07776C15-B82E-4D70-AD73-3EDBD8F35A0E}.Debug|Any CPU.Build.0 = Debug|Any CPU
		{07776C15-B82E-4D70-AD73-3EDBD8F35A0E}.Release|Any CPU.ActiveCfg = Release|Any CPU
		{07776C15-B82E-4D70-AD73-3EDBD8F35A0E}.Release|Any CPU.Build.0 = Release|Any CPU
	EndGlobalSection
	GlobalSection(SolutionProperties) = preSolution
		HideSolutionNode = FALSE
	EndGlobalSection
	GlobalSection(ExtensibilityGlobals) = postSolution
		SolutionGuid = {80B1DD61-5543-4F69-BB84-260E6CB658F8}
	EndGlobalSection
EndGlobal
